
Microsoft Visual Studio Solution File, Format Version 12.00
# Visual Studio Version 16
Project("{8BC9CEB8-8B4A-11D0-8D11-00A0C91BC942}") = "Renderer", "Source\Renderer\Renderer.vcxproj", "{2ACE6D48-1775-3479-A420-A2275BEA8540}"
	ProjectSection(ProjectDependencies) = postProject
		{057778F8-FC54-3C72-A43B-03C4985BDD93} = {057778F8-FC54-3C72-A43B-03C4985BDD93}
	EndProjectSection
EndProject
Project("{8BC9CEB8-8B4A-11D0-8D11-00A0C91BC942}") = "ALL_BUILD", "ALL_BUILD.vcxproj", "{BA20489F-6624-3FE0-8F9C-02701261586B}"
	ProjectSection(ProjectDependencies) = postProject
		{057778F8-FC54-3C72-A43B-03C4985BDD93} = {057778F8-FC54-3C72-A43B-03C4985BDD93}
		{2ACE6D48-1775-3479-A420-A2275BEA8540} = {2ACE6D48-1775-3479-A420-A2275BEA8540}
	EndProjectSection
EndProject
Project("{8BC9CEB8-8B4A-11D0-8D11-00A0C91BC942}") = "Math", "Source\Math\Math.vcxproj", "{057778F8-FC54-3C72-A43B-03C4985BDD93}"
	ProjectSection(ProjectDependencies) = postProject
	EndProjectSection
EndProject
Global
	GlobalSection(SolutionConfigurationPlatforms) = preSolution
		Debug|x64 = Debug|x64
		Release|x64 = Release|x64
		MinSizeRel|x64 = MinSizeRel|x64
		RelWithDebInfo|x64 = RelWithDebInfo|x64
	EndGlobalSection
	GlobalSection(ProjectConfigurationPlatforms) = postSolution
		{2ACE6D48-1775-3479-A420-A2275BEA8540}.Debug|x64.ActiveCfg = Debug|x64
		{2ACE6D48-1775-3479-A420-A2275BEA8540}.Debug|x64.Build.0 = Debug|x64
		{2ACE6D48-1775-3479-A420-A2275BEA8540}.Release|x64.ActiveCfg = Release|x64
		{2ACE6D48-1775-3479-A420-A2275BEA8540}.Release|x64.Build.0 = Release|x64
		{2ACE6D48-1775-3479-A420-A2275BEA8540}.MinSizeRel|x64.ActiveCfg = MinSizeRel|x64
		{2ACE6D48-1775-3479-A420-A2275BEA8540}.MinSizeRel|x64.Build.0 = MinSizeRel|x64
		{2ACE6D48-1775-3479-A420-A2275BEA8540}.RelWithDebInfo|x64.ActiveCfg = RelWithDebInfo|x64
		{2ACE6D48-1775-3479-A420-A2275BEA8540}.RelWithDebInfo|x64.Build.0 = RelWithDebInfo|x64
		{BA20489F-6624-3FE0-8F9C-02701261586B}.Debug|x64.ActiveCfg = Debug|x64
		{BA20489F-6624-3FE0-8F9C-02701261586B}.Release|x64.ActiveCfg = Release|x64
		{BA20489F-6624-3FE0-8F9C-02701261586B}.MinSizeRel|x64.ActiveCfg = MinSizeRel|x64
		{BA20489F-6624-3FE0-8F9C-02701261586B}.RelWithDebInfo|x64.ActiveCfg = RelWithDebInfo|x64
		{057778F8-FC54-3C72-A43B-03C4985BDD93}.Debug|x64.ActiveCfg = Debug|x64
		{057778F8-FC54-3C72-A43B-03C4985BDD93}.Debug|x64.Build.0 = Debug|x64
		{057778F8-FC54-3C72-A43B-03C4985BDD93}.Release|x64.ActiveCfg = Release|x64
		{057778F8-FC54-3C72-A43B-03C4985BDD93}.Release|x64.Build.0 = Release|x64
		{057778F8-FC54-3C72-A43B-03C4985BDD93}.MinSizeRel|x64.ActiveCfg = MinSizeRel|x64
		{057778F8-FC54-3C72-A43B-03C4985BDD93}.MinSizeRel|x64.Build.0 = MinSizeRel|x64
		{057778F8-FC54-3C72-A43B-03C4985BDD93}.RelWithDebInfo|x64.ActiveCfg = RelWithDebInfo|x64
		{057778F8-FC54-3C72-A43B-03C4985BDD93}.RelWithDebInfo|x64.Build.0 = RelWithDebInfo|x64
	EndGlobalSection
	GlobalSection(ExtensibilityGlobals) = postSolution
		SolutionGuid = {3CD071DB-CB65-30AA-B275-2B2DE925F01F}
	EndGlobalSection
	GlobalSection(ExtensibilityAddIns) = postSolution
	EndGlobalSection
EndGlobal
