<?xml version="1.0" encoding="utf-8"?>
<Project ToolsVersion="16.0" xmlns="http://schemas.microsoft.com/developer/msbuild/2003">
  <ItemGroup>
    <ClCompile Include="C:\Users\Yeon\Desktop\Study\02) Chungkang Study\05) SoftwareRanderer\SoftwareRenderer_Base-main\Source\Renderer\SoftRenderer.cpp" />
    <ClCompile Include="C:\Users\Yeon\Desktop\Study\02) Chungkang Study\05) SoftwareRanderer\SoftwareRenderer_Base-main\Source\Renderer\Windows\GDIHelper.cpp">
      <Filter>Windows</Filter>
    </ClCompile>
    <ClCompile Include="C:\Users\Yeon\Desktop\Study\02) Chungkang Study\05) SoftwareRanderer\SoftwareRenderer_Base-main\Source\Renderer\Windows\WinApplication.cpp">
      <Filter>Windows</Filter>
    </ClCompile>
    <ClCompile Include="C:\Users\Yeon\Desktop\Study\02) Chungkang Study\05) SoftwareRanderer\SoftwareRenderer_Base-main\Source\Renderer\Windows\WinMain.cpp">
      <Filter>Windows</Filter>
    </ClCompile>
  </ItemGroup>
  <ItemGroup>
    <ClInclude Include="C:\Users\Yeon\Desktop\Study\02) Chungkang Study\05) SoftwareRanderer\SoftwareRenderer_Base-main\Source\Renderer\AppDefinition.h" />
    <ClInclude Include="C:\Users\Yeon\Desktop\Study\02) Chungkang Study\05) SoftwareRanderer\SoftwareRenderer_Base-main\Source\Renderer\SoftRenderer.h" />
    <ClInclude Include="C:\Users\Yeon\Desktop\Study\02) Chungkang Study\05) SoftwareRanderer\SoftwareRenderer_Base-main\Source\Renderer\Windows\GDIHelper.h">
      <Filter>Windows</Filter>
    </ClInclude>
    <ClInclude Include="C:\Users\Yeon\Desktop\Study\02) Chungkang Study\05) SoftwareRanderer\SoftwareRenderer_Base-main\Source\Renderer\Windows\WinApplication.h">
      <Filter>Windows</Filter>
    </ClInclude>
  </ItemGroup>
  <ItemGroup>
    <Filter Include="Windows">
      <UniqueIdentifier>{F95DE4A8-9DAB-3C7D-B50E-0D79C663A920}</UniqueIdentifier>
    </Filter>
  </ItemGroup>
</Project>
